
Microsoft Visual Studio Solution File, Format Version 12.00
# Visual Studio Version 17
VisualStudioVersion = 17.2.32516.85
MinimumVisualStudioVersion = 10.0.40219.1
Project("{FAE04EC0-301F-11D3-BF4B-00C04F79EFBC}") = "PasswordManager", "PasswordManager\PasswordManager.csproj", "{7C835E38-3478-402E-9E89-A53C9408C3E7}"
EndProject
Global
	GlobalSection(SolutionConfigurationPlatforms) = preSolution
		Debug|Any CPU = Debug|Any CPU
		Release|Any CPU = Release|Any CPU
	EndGlobalSection
	GlobalSection(ProjectConfigurationPlatforms) = postSolution
		{7C835E38-3478-402E-9E89-A53C9408C3E7}.Debug|Any CPU.ActiveCfg = Debug|Any CPU
		{7C835E38-3478-402E-9E89-A53C9408C3E7}.Debug|Any CPU.Build.0 = Debug|Any CPU
		{7C835E38-3478-402E-9E89-A53C9408C3E7}.Release|Any CPU.ActiveCfg = Release|Any CPU
		{7C835E38-3478-402E-9E89-A53C9408C3E7}.Release|Any CPU.Build.0 = Release|Any CPU
	EndGlobalSection
	GlobalSection(SolutionProperties) = preSolution
		HideSolutionNode = FALSE
	EndGlobalSection
	GlobalSection(ExtensibilityGlobals) = postSolution
		SolutionGuid = {07F547B0-E59B-437F-B3B8-2D212D964508}
	EndGlobalSection
EndGlobal
